// !$*UTF8*$!
{
	archiveVersion = 1;
	classes = {
	};
	objectVersion = 56;
	objects = {

/* Begin PBXBuildFile section */
		430D4FC12C6B134A00948924 /* WeatherApp.swift in Sources */ = {isa = PBXBuildFile; fileRef = 430D4FC02C6B134A00948924 /* WeatherApp.swift */; };
		430D4FC32C6B134A00948924 /* ContentView.swift in Sources */ = {isa = PBXBuildFile; fileRef = 430D4FC22C6B134A00948924 /* ContentView.swift */; };
		430D4FC52C6B134C00948924 /* Assets.xcassets in Resources */ = {isa = PBXBuildFile; fileRef = 430D4FC42C6B134C00948924 /* Assets.xcassets */; };
		430D4FC82C6B134C00948924 /* Preview Assets.xcassets in Resources */ = {isa = PBXBuildFile; fileRef = 430D4FC72C6B134C00948924 /* Preview Assets.xcassets */; };
		430D4FD02C6B161900948924 /* LocationManager.swift in Sources */ = {isa = PBXBuildFile; fileRef = 430D4FCF2C6B161900948924 /* LocationManager.swift */; };
		430D4FD32C6B16FD00948924 /* WelcomeView.swift in Sources */ = {isa = PBXBuildFile; fileRef = 430D4FD22C6B16FD00948924 /* WelcomeView.swift */; };
		430D4FD52C6B191700948924 /* LoadingView.swift in Sources */ = {isa = PBXBuildFile; fileRef = 430D4FD42C6B191700948924 /* LoadingView.swift */; };
		430D4FD72C6B1DAE00948924 /* WeatherManager.swift in Sources */ = {isa = PBXBuildFile; fileRef = 430D4FD62C6B1DAE00948924 /* WeatherManager.swift */; };
		430D4FD92C6B24E100948924 /* WeatherView.swift in Sources */ = {isa = PBXBuildFile; fileRef = 430D4FD82C6B24E100948924 /* WeatherView.swift */; };
		430D4FDB2C6B251000948924 /* ModelData.swift in Sources */ = {isa = PBXBuildFile; fileRef = 430D4FDA2C6B251000948924 /* ModelData.swift */; };
		430D4FDD2C6B253100948924 /* weatherData.json in Resources */ = {isa = PBXBuildFile; fileRef = 430D4FDC2C6B253100948924 /* weatherData.json */; };
		430D4FDF2C6B28DF00948924 /* Extensions.swift in Sources */ = {isa = PBXBuildFile; fileRef = 430D4FDE2C6B28DF00948924 /* Extensions.swift */; };
		430D4FE22C6B319800948924 /* WeatherRow.swift in Sources */ = {isa = PBXBuildFile; fileRef = 430D4FE12C6B319800948924 /* WeatherRow.swift */; };
/* End PBXBuildFile section */

/* Begin PBXFileReference section */
		430D4FBD2C6B134A00948924 /* Weather.app */ = {isa = PBXFileReference; explicitFileType = wrapper.application; includeInIndex = 0; path = Weather.app; sourceTree = BUILT_PRODUCTS_DIR; };
		430D4FC02C6B134A00948924 /* WeatherApp.swift */ = {isa = PBXFileReference; lastKnownFileType = sourcecode.swift; path = WeatherApp.swift; sourceTree = "<group>"; };
		430D4FC22C6B134A00948924 /* ContentView.swift */ = {isa = PBXFileReference; lastKnownFileType = sourcecode.swift; path = ContentView.swift; sourceTree = "<group>"; };
		430D4FC42C6B134C00948924 /* Assets.xcassets */ = {isa = PBXFileReference; lastKnownFileType = folder.assetcatalog; path = Assets.xcassets; sourceTree = "<group>"; };
		430D4FC72C6B134C00948924 /* Preview Assets.xcassets */ = {isa = PBXFileReference; lastKnownFileType = folder.assetcatalog; path = "Preview Assets.xcassets"; sourceTree = "<group>"; };
		430D4FCF2C6B161900948924 /* LocationManager.swift */ = {isa = PBXFileReference; lastKnownFileType = sourcecode.swift; path = LocationManager.swift; sourceTree = "<group>"; };
		430D4FD22C6B16FD00948924 /* WelcomeView.swift */ = {isa = PBXFileReference; lastKnownFileType = sourcecode.swift; path = WelcomeView.swift; sourceTree = "<group>"; };
		430D4FD42C6B191700948924 /* LoadingView.swift */ = {isa = PBXFileReference; lastKnownFileType = sourcecode.swift; path = LoadingView.swift; sourceTree = "<group>"; };
		430D4FD62C6B1DAE00948924 /* WeatherManager.swift */ = {isa = PBXFileReference; lastKnownFileType = sourcecode.swift; path = WeatherManager.swift; sourceTree = "<group>"; };
		430D4FD82C6B24E100948924 /* WeatherView.swift */ = {isa = PBXFileReference; lastKnownFileType = sourcecode.swift; path = WeatherView.swift; sourceTree = "<group>"; };
		430D4FDA2C6B251000948924 /* ModelData.swift */ = {isa = PBXFileReference; lastKnownFileType = sourcecode.swift; path = ModelData.swift; sourceTree = "<group>"; };
		430D4FDC2C6B253100948924 /* weatherData.json */ = {isa = PBXFileReference; lastKnownFileType = text.json; path = weatherData.json; sourceTree = "<group>"; };
		430D4FDE2C6B28DF00948924 /* Extensions.swift */ = {isa = PBXFileReference; lastKnownFileType = sourcecode.swift; path = Extensions.swift; sourceTree = "<group>"; };
		430D4FE12C6B319800948924 /* WeatherRow.swift */ = {isa = PBXFileReference; lastKnownFileType = sourcecode.swift; path = WeatherRow.swift; sourceTree = "<group>"; };
/* End PBXFileReference section */

/* Begin PBXFrameworksBuildPhase section */
		430D4FBA2C6B134A00948924 /* Frameworks */ = {
			isa = PBXFrameworksBuildPhase;
			buildActionMask = 2147483647;
			files = (
			);
			runOnlyForDeploymentPostprocessing = 0;
		};
/* End PBXFrameworksBuildPhase section */

/* Begin PBXGroup section */
		430D4FB42C6B134A00948924 = {
			isa = PBXGroup;
			children = (
				430D4FBF2C6B134A00948924 /* Weather */,
				430D4FBE2C6B134A00948924 /* Products */,
			);
			sourceTree = "<group>";
		};
		430D4FBE2C6B134A00948924 /* Products */ = {
			isa = PBXGroup;
			children = (
				430D4FBD2C6B134A00948924 /* Weather.app */,
			);
			name = Products;
			sourceTree = "<group>";
		};
		430D4FBF2C6B134A00948924 /* Weather */ = {
			isa = PBXGroup;
			children = (
				430D4FE02C6B318E00948924 /* Components */,
				430D4FD12C6B16CA00948924 /* Views */,
				430D4FCE2C6B160D00948924 /* Managers */,
				430D4FC02C6B134A00948924 /* WeatherApp.swift */,
				430D4FC42C6B134C00948924 /* Assets.xcassets */,
				430D4FC62C6B134C00948924 /* Preview Content */,
				430D4FDE2C6B28DF00948924 /* Extensions.swift */,
			);
			path = Weather;
			sourceTree = "<group>";
		};
		430D4FC62C6B134C00948924 /* Preview Content */ = {
			isa = PBXGroup;
			children = (
				430D4FC72C6B134C00948924 /* Preview Assets.xcassets */,
				430D4FDA2C6B251000948924 /* ModelData.swift */,
				430D4FDC2C6B253100948924 /* weatherData.json */,
			);
			path = "Preview Content";
			sourceTree = "<group>";
		};
		430D4FCE2C6B160D00948924 /* Managers */ = {
			isa = PBXGroup;
			children = (
				430D4FCF2C6B161900948924 /* LocationManager.swift */,
				430D4FD62C6B1DAE00948924 /* WeatherManager.swift */,
			);
			path = Managers;
			sourceTree = "<group>";
		};
		430D4FD12C6B16CA00948924 /* Views */ = {
			isa = PBXGroup;
			children = (
				430D4FC22C6B134A00948924 /* ContentView.swift */,
				430D4FD22C6B16FD00948924 /* WelcomeView.swift */,
				430D4FD42C6B191700948924 /* LoadingView.swift */,
				430D4FD82C6B24E100948924 /* WeatherView.swift */,
			);
			path = Views;
			sourceTree = "<group>";
		};
		430D4FE02C6B318E00948924 /* Components */ = {
			isa = PBXGroup;
			children = (
				430D4FE12C6B319800948924 /* WeatherRow.swift */,
			);
			path = Components;
			sourceTree = "<group>";
		};
/* End PBXGroup section */

/* Begin PBXNativeTarget section */
		430D4FBC2C6B134A00948924 /* Weather */ = {
			isa = PBXNativeTarget;
			buildConfigurationList = 430D4FCB2C6B134C00948924 /* Build configuration list for PBXNativeTarget "Weather" */;
			buildPhases = (
				430D4FB92C6B134A00948924 /* Sources */,
				430D4FBA2C6B134A00948924 /* Frameworks */,
				430D4FBB2C6B134A00948924 /* Resources */,
			);
			buildRules = (
			);
			dependencies = (
			);
			name = Weather;
			productName = Weather;
			productReference = 430D4FBD2C6B134A00948924 /* Weather.app */;
			productType = "com.apple.product-type.application";
		};
/* End PBXNativeTarget section */

/* Begin PBXProject section */
		430D4FB52C6B134A00948924 /* Project object */ = {
			isa = PBXProject;
			attributes = {
				BuildIndependentTargetsInParallel = 1;
				LastSwiftUpdateCheck = 1540;
				LastUpgradeCheck = 1540;
				TargetAttributes = {
					430D4FBC2C6B134A00948924 = {
						CreatedOnToolsVersion = 15.4;
					};
				};
			};
			buildConfigurationList = 430D4FB82C6B134A00948924 /* Build configuration list for PBXProject "Weather" */;
			compatibilityVersion = "Xcode 14.0";
			developmentRegion = en;
			hasScannedForEncodings = 0;
			knownRegions = (
				en,
				Base,
			);
			mainGroup = 430D4FB42C6B134A00948924;
			productRefGroup = 430D4FBE2C6B134A00948924 /* Products */;
			projectDirPath = "";
			projectRoot = "";
			targets = (
				430D4FBC2C6B134A00948924 /* Weather */,
			);
		};
/* End PBXProject section */

/* Begin PBXResourcesBuildPhase section */
		430D4FBB2C6B134A00948924 /* Resources */ = {
			isa = PBXResourcesBuildPhase;
			buildActionMask = 2147483647;
			files = (
				430D4FC82C6B134C00948924 /* Preview Assets.xcassets in Resources */,
				430D4FDD2C6B253100948924 /* weatherData.json in Resources */,
				430D4FC52C6B134C00948924 /* Assets.xcassets in Resources */,
			);
			runOnlyForDeploymentPostprocessing = 0;
		};
/* End PBXResourcesBuildPhase section */

/* Begin PBXSourcesBuildPhase section */
		430D4FB92C6B134A00948924 /* Sources */ = {
			isa = PBXSourcesBuildPhase;
			buildActionMask = 2147483647;
			files = (
				430D4FD72C6B1DAE00948924 /* WeatherManager.swift in Sources */,
				430D4FDF2C6B28DF00948924 /* Extensions.swift in Sources */,
				430D4FC32C6B134A00948924 /* ContentView.swift in Sources */,
				430D4FC12C6B134A00948924 /* WeatherApp.swift in Sources */,
				430D4FD02C6B161900948924 /* LocationManager.swift in Sources */,
				430D4FE22C6B319800948924 /* WeatherRow.swift in Sources */,
				430D4FD52C6B191700948924 /* LoadingView.swift in Sources */,
				430D4FDB2C6B251000948924 /* ModelData.swift in Sources */,
				430D4FD92C6B24E100948924 /* WeatherView.swift in Sources */,
				430D4FD32C6B16FD00948924 /* WelcomeView.swift in Sources */,
			);
			runOnlyForDeploymentPostprocessing = 0;
		};
/* End PBXSourcesBuildPhase section */

/* Begin XCBuildConfiguration section */
		430D4FC92C6B134C00948924 /* Debug */ = {
			isa = XCBuildConfiguration;
			buildSettings = {
				ALWAYS_SEARCH_USER_PATHS = NO;
				ASSETCATALOG_COMPILER_GENERATE_SWIFT_ASSET_SYMBOL_EXTENSIONS = YES;
				CLANG_ANALYZER_NONNULL = YES;
				CLANG_ANALYZER_NUMBER_OBJECT_CONVERSION = YES_AGGRESSIVE;
				CLANG_CXX_LANGUAGE_STANDARD = "gnu++20";
				CLANG_ENABLE_MODULES = YES;
				CLANG_ENABLE_OBJC_ARC = YES;
				CLANG_ENABLE_OBJC_WEAK = YES;
				CLANG_WARN_BLOCK_CAPTURE_AUTORELEASING = YES;
				CLANG_WARN_BOOL_CONVERSION = YES;
				CLANG_WARN_COMMA = YES;
				CLANG_WARN_CONSTANT_CONVERSION = YES;
				CLANG_WARN_DEPRECATED_OBJC_IMPLEMENTATIONS = YES;
				CLANG_WARN_DIRECT_OBJC_ISA_USAGE = YES_ERROR;
				CLANG_WARN_DOCUMENTATION_COMMENTS = YES;
				CLANG_WARN_EMPTY_BODY = YES;
				CLANG_WARN_ENUM_CONVERSION = YES;
				CLANG_WARN_INFINITE_RECURSION = YES;
				CLANG_WARN_INT_CONVERSION = YES;
				CLANG_WARN_NON_LITERAL_NULL_CONVERSION = YES;
				CLANG_WARN_OBJC_IMPLICIT_RETAIN_SELF = YES;
				CLANG_WARN_OBJC_LITERAL_CONVERSION = YES;
				CLANG_WARN_OBJC_ROOT_CLASS = YES_ERROR;
				CLANG_WARN_QUOTED_INCLUDE_IN_FRAMEWORK_HEADER = YES;
				CLANG_WARN_RANGE_LOOP_ANALYSIS = YES;
				CLANG_WARN_STRICT_PROTOTYPES = YES;
				CLANG_WARN_SUSPICIOUS_MOVE = YES;
				CLANG_WARN_UNGUARDED_AVAILABILITY = YES_AGGRESSIVE;
				CLANG_WARN_UNREACHABLE_CODE = YES;
				CLANG_WARN__DUPLICATE_METHOD_MATCH = YES;
				COPY_PHASE_STRIP = NO;
				DEBUG_INFORMATION_FORMAT = dwarf;
				ENABLE_STRICT_OBJC_MSGSEND = YES;
				ENABLE_TESTABILITY = YES;
				ENABLE_USER_SCRIPT_SANDBOXING = YES;
				GCC_C_LANGUAGE_STANDARD = gnu17;
				GCC_DYNAMIC_NO_PIC = NO;
				GCC_NO_COMMON_BLOCKS = YES;
				GCC_OPTIMIZATION_LEVEL = 0;
				GCC_PREPROCESSOR_DEFINITIONS = (
					"DEBUG=1",
					"$(inherited)",
				);
				GCC_WARN_64_TO_32_BIT_CONVERSION = YES;
				GCC_WARN_ABOUT_RETURN_TYPE = YES_ERROR;
				GCC_WARN_UNDECLARED_SELECTOR = YES;
				GCC_WARN_UNINITIALIZED_AUTOS = YES_AGGRESSIVE;
				GCC_WARN_UNUSED_FUNCTION = YES;
				GCC_WARN_UNUSED_VARIABLE = YES;
				IPHONEOS_DEPLOYMENT_TARGET = 17.5;
				LOCALIZATION_PREFERS_STRING_CATALOGS = YES;
				MTL_ENABLE_DEBUG_INFO = INCLUDE_SOURCE;
				MTL_FAST_MATH = YES;
				ONLY_ACTIVE_ARCH = YES;
				SDKROOT = iphoneos;
				SWIFT_ACTIVE_COMPILATION_CONDITIONS = "DEBUG $(inherited)";
				SWIFT_OPTIMIZATION_LEVEL = "-Onone";
			};
			name = Debug;
		};
		430D4FCA2C6B134C00948924 /* Release */ = {
			isa = XCBuildConfiguration;
			buildSettings = {
				ALWAYS_SEARCH_USER_PATHS = NO;
				ASSETCATALOG_COMPILER_GENERATE_SWIFT_ASSET_SYMBOL_EXTENSIONS = YES;
				CLANG_ANALYZER_NONNULL = YES;
				CLANG_ANALYZER_NUMBER_OBJECT_CONVERSION = YES_AGGRESSIVE;
				CLANG_CXX_LANGUAGE_STANDARD = "gnu++20";
				CLANG_ENABLE_MODULES = YES;
				CLANG_ENABLE_OBJC_ARC = YES;
				CLANG_ENABLE_OBJC_WEAK = YES;
				CLANG_WARN_BLOCK_CAPTURE_AUTORELEASING = YES;
				CLANG_WARN_BOOL_CONVERSION = YES;
				CLANG_WARN_COMMA = YES;
				CLANG_WARN_CONSTANT_CONVERSION = YES;
				CLANG_WARN_DEPRECATED_OBJC_IMPLEMENTATIONS = YES;
				CLANG_WARN_DIRECT_OBJC_ISA_USAGE = YES_ERROR;
				CLANG_WARN_DOCUMENTATION_COMMENTS = YES;
				CLANG_WARN_EMPTY_BODY = YES;
				CLANG_WARN_ENUM_CONVERSION = YES;
				CLANG_WARN_INFINITE_RECURSION = YES;
				CLANG_WARN_INT_CONVERSION = YES;
				CLANG_WARN_NON_LITERAL_NULL_CONVERSION = YES;
				CLANG_WARN_OBJC_IMPLICIT_RETAIN_SELF = YES;
				CLANG_WARN_OBJC_LITERAL_CONVERSION = YES;
				CLANG_WARN_OBJC_ROOT_CLASS = YES_ERROR;
				CLANG_WARN_QUOTED_INCLUDE_IN_FRAMEWORK_HEADER = YES;
				CLANG_WARN_RANGE_LOOP_ANALYSIS = YES;
				CLANG_WARN_STRICT_PROTOTYPES = YES;
				CLANG_WARN_SUSPICIOUS_MOVE = YES;
				CLANG_WARN_UNGUARDED_AVAILABILITY = YES_AGGRESSIVE;
				CLANG_WARN_UNREACHABLE_CODE = YES;
				CLANG_WARN__DUPLICATE_METHOD_MATCH = YES;
				COPY_PHASE_STRIP = NO;
				DEBUG_INFORMATION_FORMAT = "dwarf-with-dsym";
				ENABLE_NS_ASSERTIONS = NO;
				ENABLE_STRICT_OBJC_MSGSEND = YES;
				ENABLE_USER_SCRIPT_SANDBOXING = YES;
				GCC_C_LANGUAGE_STANDARD = gnu17;
				GCC_NO_COMMON_BLOCKS = YES;
				GCC_WARN_64_TO_32_BIT_CONVERSION = YES;
				GCC_WARN_ABOUT_RETURN_TYPE = YES_ERROR;
				GCC_WARN_UNDECLARED_SELECTOR = YES;
				GCC_WARN_UNINITIALIZED_AUTOS = YES_AGGRESSIVE;
				GCC_WARN_UNUSED_FUNCTION = YES;
				GCC_WARN_UNUSED_VARIABLE = YES;
				IPHONEOS_DEPLOYMENT_TARGET = 17.5;
				LOCALIZATION_PREFERS_STRING_CATALOGS = YES;
				MTL_ENABLE_DEBUG_INFO = NO;
				MTL_FAST_MATH = YES;
				SDKROOT = iphoneos;
				SWIFT_COMPILATION_MODE = wholemodule;
				VALIDATE_PRODUCT = YES;
			};
			name = Release;
		};
		430D4FCC2C6B134C00948924 /* Debug */ = {
			isa = XCBuildConfiguration;
			buildSettings = {
				ASSETCATALOG_COMPILER_APPICON_NAME = AppIcon;
				ASSETCATALOG_COMPILER_GLOBAL_ACCENT_COLOR_NAME = AccentColor;
				CODE_SIGN_STYLE = Automatic;
				CURRENT_PROJECT_VERSION = 1;
				DEVELOPMENT_ASSET_PATHS = "\"Weather/Preview Content\"";
				ENABLE_PREVIEWS = YES;
				GENERATE_INFOPLIST_FILE = YES;
				INFOPLIST_KEY_UIApplicationSceneManifest_Generation = YES;
				INFOPLIST_KEY_UIApplicationSupportsIndirectInputEvents = YES;
				INFOPLIST_KEY_UILaunchScreen_Generation = YES;
				INFOPLIST_KEY_UISupportedInterfaceOrientations = UIInterfaceOrientationPortrait;
				INFOPLIST_KEY_UISupportedInterfaceOrientations_iPad = "UIInterfaceOrientationLandscapeLeft UIInterfaceOrientationLandscapeRight UIInterfaceOrientationPortrait UIInterfaceOrientationPortraitUpsideDown";
				LD_RUNPATH_SEARCH_PATHS = (
					"$(inherited)",
					"@executable_path/Frameworks",
				);
				MARKETING_VERSION = 1.0;
				PRODUCT_BUNDLE_IDENTIFIER = com.rubin.Weather;
				PRODUCT_NAME = "$(TARGET_NAME)";
				SUPPORTED_PLATFORMS = "iphoneos iphonesimulator";
				SUPPORTS_MACCATALYST = NO;
				SUPPORTS_MAC_DESIGNED_FOR_IPHONE_IPAD = NO;
				SUPPORTS_XR_DESIGNED_FOR_IPHONE_IPAD = NO;
				SWIFT_EMIT_LOC_STRINGS = YES;
				SWIFT_VERSION = 5.0;
				TARGETED_DEVICE_FAMILY = 1;
			};
			name = Debug;
		};
		430D4FCD2C6B134C00948924 /* Release */ = {
			isa = XCBuildConfiguration;
			buildSettings = {
				ASSETCATALOG_COMPILER_APPICON_NAME = AppIcon;
				ASSETCATALOG_COMPILER_GLOBAL_ACCENT_COLOR_NAME = AccentColor;
				CODE_SIGN_STYLE = Automatic;
				CURRENT_PROJECT_VERSION = 1;
				DEVELOPMENT_ASSET_PATHS = "\"Weather/Preview Content\"";
				ENABLE_PREVIEWS = YES;
				GENERATE_INFOPLIST_FILE = YES;
				INFOPLIST_KEY_UIApplicationSceneManifest_Generation = YES;
				INFOPLIST_KEY_UIApplicationSupportsIndirectInputEvents = YES;
				INFOPLIST_KEY_UILaunchScreen_Generation = YES;
				INFOPLIST_KEY_UISupportedInterfaceOrientations = UIInterfaceOrientationPortrait;
				INFOPLIST_KEY_UISupportedInterfaceOrientations_iPad = "UIInterfaceOrientationLandscapeLeft UIInterfaceOrientationLandscapeRight UIInterfaceOrientationPortrait UIInterfaceOrientationPortraitUpsideDown";
				LD_RUNPATH_SEARCH_PATHS = (
					"$(inherited)",
					"@executable_path/Frameworks",
				);
				MARKETING_VERSION = 1.0;
				PRODUCT_BUNDLE_IDENTIFIER = com.rubin.Weather;
				PRODUCT_NAME = "$(TARGET_NAME)";
				SUPPORTED_PLATFORMS = "iphoneos iphonesimulator";
				SUPPORTS_MACCATALYST = NO;
				SUPPORTS_MAC_DESIGNED_FOR_IPHONE_IPAD = NO;
				SUPPORTS_XR_DESIGNED_FOR_IPHONE_IPAD = NO;
				SWIFT_EMIT_LOC_STRINGS = YES;
				SWIFT_VERSION = 5.0;
				TARGETED_DEVICE_FAMILY = 1;
			};
			name = Release;
		};
/* End XCBuildConfiguration section */

/* Begin XCConfigurationList section */
		430D4FB82C6B134A00948924 /* Build configuration list for PBXProject "Weather" */ = {
			isa = XCConfigurationList;
			buildConfigurations = (
				430D4FC92C6B134C00948924 /* Debug */,
				430D4FCA2C6B134C00948924 /* Release */,
			);
			defaultConfigurationIsVisible = 0;
			defaultConfigurationName = Release;
		};
		430D4FCB2C6B134C00948924 /* Build configuration list for PBXNativeTarget "Weather" */ = {
			isa = XCConfigurationList;
			buildConfigurations = (
				430D4FCC2C6B134C00948924 /* Debug */,
				430D4FCD2C6B134C00948924 /* Release */,
			);
			defaultConfigurationIsVisible = 0;
			defaultConfigurationName = Release;
		};
/* End XCConfigurationList section */
	};
	rootObject = 430D4FB52C6B134A00948924 /* Project object */;
}
